
Microsoft Visual Studio Solution File, Format Version 12.00
# Visual Studio Version 16
VisualStudioVersion = 16.0.30014.187
MinimumVisualStudioVersion = 10.0.40219.1
Project("{2150E333-8FDC-42A3-9474-1A3956D46DE8}") = ".config", ".config", "{8DE602D7-0987-4DC6-A97D-A6E4C0DB8C67}"
	ProjectSection(SolutionItems) = preProject
		.editorconfig = .editorconfig
		.env = .env
		.gitattributes = .gitattributes
		.gitignore = .gitignore
		docker-compose.yml = docker-compose.yml
		NuGet.config = NuGet.config
		README.md = README.md
	EndProjectSection
EndProject
Project("{2150E333-8FDC-42A3-9474-1A3956D46DE8}") = "Project", "Project", "{83BF98DD-F75E-40D3-9F4B-B822C21AC0F9}"
EndProject
Project("{2150E333-8FDC-42A3-9474-1A3956D46DE8}") = "Common", "Common", "{26C1EAAF-2E7B-4E72-96A4-3A6F2064ECA5}"
EndProject
Project("{FAE04EC0-301F-11D3-BF4B-00C04F79EFBC}") = "CoreyAndRick.Project.Common", "src\Project\Common\sitecore\CoreyAndRick.Project.Common.csproj", "{202947F8-44C8-4EA3-BB43-2DED901309A7}"
EndProject
Global
	GlobalSection(SolutionConfigurationPlatforms) = preSolution
		Debug|Any CPU = Debug|Any CPU
		Docker|Any CPU = Docker|Any CPU
		Release|Any CPU = Release|Any CPU
	EndGlobalSection
	GlobalSection(ProjectConfigurationPlatforms) = postSolution
		{202947F8-44C8-4EA3-BB43-2DED901309A7}.Debug|Any CPU.ActiveCfg = Debug|Any CPU
		{202947F8-44C8-4EA3-BB43-2DED901309A7}.Debug|Any CPU.Build.0 = Debug|Any CPU
		{202947F8-44C8-4EA3-BB43-2DED901309A7}.Docker|Any CPU.ActiveCfg = Docker|Any CPU
		{202947F8-44C8-4EA3-BB43-2DED901309A7}.Docker|Any CPU.Build.0 = Docker|Any CPU
		{202947F8-44C8-4EA3-BB43-2DED901309A7}.Release|Any CPU.ActiveCfg = Release|Any CPU
		{202947F8-44C8-4EA3-BB43-2DED901309A7}.Release|Any CPU.Build.0 = Release|Any CPU
	EndGlobalSection
	GlobalSection(SolutionProperties) = preSolution
		HideSolutionNode = FALSE
	EndGlobalSection
	GlobalSection(NestedProjects) = preSolution
		{26C1EAAF-2E7B-4E72-96A4-3A6F2064ECA5} = {83BF98DD-F75E-40D3-9F4B-B822C21AC0F9}
		{202947F8-44C8-4EA3-BB43-2DED901309A7} = {26C1EAAF-2E7B-4E72-96A4-3A6F2064ECA5}
	EndGlobalSection
	GlobalSection(ExtensibilityGlobals) = postSolution
		SolutionGuid = {8225656E-FAA4-4FDA-B7F1-30738E688AD9}
	EndGlobalSection
EndGlobal
